// !$*UTF8*$!
{
	archiveVersion = 1;
	classes = {
	};
	objectVersion = 46;
	objects = {

/* Begin PBXBuildFile section */
		3F4B8AE31D3F797600DAEC08 /* main.m in Sources */ = {isa = PBXBuildFile; fileRef = 3F4B8AE21D3F797600DAEC08 /* main.m */; };
		3F4B8AE61D3F797600DAEC08 /* AppDelegate.m in Sources */ = {isa = PBXBuildFile; fileRef = 3F4B8AE51D3F797600DAEC08 /* AppDelegate.m */; };
		3F4B8AEE1D3F797600DAEC08 /* Assets.xcassets in Resources */ = {isa = PBXBuildFile; fileRef = 3F4B8AED1D3F797600DAEC08 /* Assets.xcassets */; };
		3F4B8AF11D3F797600DAEC08 /* LaunchScreen.storyboard in Resources */ = {isa = PBXBuildFile; fileRef = 3F4B8AEF1D3F797600DAEC08 /* LaunchScreen.storyboard */; };
/* End PBXBuildFile section */

/* Begin PBXFileReference section */
		3F4B8ADE1D3F797600DAEC08 /* Yantaiforum.app */ = {isa = PBXFileReference; explicitFileType = wrapper.application; includeInIndex = 0; path = Yantaiforum.app; sourceTree = BUILT_PRODUCTS_DIR; };
		3F4B8AE21D3F797600DAEC08 /* main.m */ = {isa = PBXFileReference; lastKnownFileType = sourcecode.c.objc; path = main.m; sourceTree = "<group>"; };
		3F4B8AE41D3F797600DAEC08 /* AppDelegate.h */ = {isa = PBXFileReference; lastKnownFileType = sourcecode.c.h; name = AppDelegate.h; path = ../AppDelegate.h; sourceTree = "<group>"; };
		3F4B8AE51D3F797600DAEC08 /* AppDelegate.m */ = {isa = PBXFileReference; lastKnownFileType = sourcecode.c.objc; name = AppDelegate.m; path = ../AppDelegate.m; sourceTree = "<group>"; };
		3F4B8AED1D3F797600DAEC08 /* Assets.xcassets */ = {isa = PBXFileReference; lastKnownFileType = folder.assetcatalog; path = Assets.xcassets; sourceTree = "<group>"; };
		3F4B8AF01D3F797600DAEC08 /* Base */ = {isa = PBXFileReference; lastKnownFileType = file.storyboard; name = Base; path = Base.lproj/LaunchScreen.storyboard; sourceTree = "<group>"; };
		3F4B8AF21D3F797600DAEC08 /* Info.plist */ = {isa = PBXFileReference; lastKnownFileType = text.plist.xml; path = Info.plist; sourceTree = "<group>"; };
/* End PBXFileReference section */

/* Begin PBXFrameworksBuildPhase section */
		3F4B8ADB1D3F797600DAEC08 /* Frameworks */ = {
			isa = PBXFrameworksBuildPhase;
			buildActionMask = 2147483647;
			files = (
			);
			runOnlyForDeploymentPostprocessing = 0;
		};
/* End PBXFrameworksBuildPhase section */

/* Begin PBXGroup section */
		3F4B8AD51D3F797600DAEC08 = {
			isa = PBXGroup;
			children = (
				3F4B8AE01D3F797600DAEC08 /* Yantaiforum */,
				3F4B8ADF1D3F797600DAEC08 /* Products */,
			);
			sourceTree = "<group>";
		};
		3F4B8ADF1D3F797600DAEC08 /* Products */ = {
			isa = PBXGroup;
			children = (
				3F4B8ADE1D3F797600DAEC08 /* Yantaiforum.app */,
			);
			name = Products;
			sourceTree = "<group>";
		};
		3F4B8AE01D3F797600DAEC08 /* Yantaiforum */ = {
			isa = PBXGroup;
			children = (
				3F4B8AF81D3F799D00DAEC08 /* Resource */,
				3F4B8AFD1D3F7AE500DAEC08 /* Modules */,
				3F4B8AF91D3F79F200DAEC08 /* Categories */,
				3F4B8B001D3F7C8D00DAEC08 /* Components */,
				3F4B8AFA1D3F79F200DAEC08 /* SuperClass */,
				3F4B8AFC1D3F7A2100DAEC08 /* Application */,
				3F4B8AFF1D3F7B1900DAEC08 /* Utils */,
				3F4B8AE11D3F797600DAEC08 /* Supporting Files */,
			);
			path = Yantaiforum;
			sourceTree = "<group>";
		};
		3F4B8AE11D3F797600DAEC08 /* Supporting Files */ = {
			isa = PBXGroup;
			children = (
				3F4B8AED1D3F797600DAEC08 /* Assets.xcassets */,
				3F4B8AEF1D3F797600DAEC08 /* LaunchScreen.storyboard */,
				3F4B8AF21D3F797600DAEC08 /* Info.plist */,
				3F4B8AE21D3F797600DAEC08 /* main.m */,
			);
			name = "Supporting Files";
			sourceTree = "<group>";
		};
		3F4B8AF81D3F799D00DAEC08 /* Resource */ = {
			isa = PBXGroup;
			children = (
			);
			path = Resource;
			sourceTree = "<group>";
		};
		3F4B8AF91D3F79F200DAEC08 /* Categories */ = {
			isa = PBXGroup;
			children = (
			);
			path = Categories;
			sourceTree = "<group>";
		};
		3F4B8AFA1D3F79F200DAEC08 /* SuperClass */ = {
			isa = PBXGroup;
			children = (
			);
			path = SuperClass;
			sourceTree = "<group>";
		};
		3F4B8AFC1D3F7A2100DAEC08 /* Application */ = {
			isa = PBXGroup;
			children = (
				3F4B8AE41D3F797600DAEC08 /* AppDelegate.h */,
				3F4B8AE51D3F797600DAEC08 /* AppDelegate.m */,
			);
			path = Application;
			sourceTree = "<group>";
		};
		3F4B8AFD1D3F7AE500DAEC08 /* Modules */ = {
			isa = PBXGroup;
			children = (
			);
			path = Modules;
			sourceTree = "<group>";
		};
		3F4B8AFF1D3F7B1900DAEC08 /* Utils */ = {
			isa = PBXGroup;
			children = (
			);
			path = Utils;
			sourceTree = "<group>";
		};
		3F4B8B001D3F7C8D00DAEC08 /* Components */ = {
			isa = PBXGroup;
			children = (
			);
			path = Components;
			sourceTree = "<group>";
		};
/* End PBXGroup section */

/* Begin PBXNativeTarget section */
		3F4B8ADD1D3F797600DAEC08 /* Yantaiforum */ = {
			isa = PBXNativeTarget;
			buildConfigurationList = 3F4B8AF51D3F797600DAEC08 /* Build configuration list for PBXNativeTarget "Yantaiforum" */;
			buildPhases = (
				3F4B8ADA1D3F797600DAEC08 /* Sources */,
				3F4B8ADB1D3F797600DAEC08 /* Frameworks */,
				3F4B8ADC1D3F797600DAEC08 /* Resources */,
			);
			buildRules = (
			);
			dependencies = (
			);
			name = Yantaiforum;
			productName = Yantaiforum;
			productReference = 3F4B8ADE1D3F797600DAEC08 /* Yantaiforum.app */;
			productType = "com.apple.product-type.application";
		};
/* End PBXNativeTarget section */

/* Begin PBXProject section */
		3F4B8AD61D3F797600DAEC08 /* Project object */ = {
			isa = PBXProject;
			attributes = {
				LastUpgradeCheck = 0730;
				ORGANIZATIONNAME = sunxb;
				TargetAttributes = {
					3F4B8ADD1D3F797600DAEC08 = {
						CreatedOnToolsVersion = 7.3.1;
					};
				};
			};
			buildConfigurationList = 3F4B8AD91D3F797600DAEC08 /* Build configuration list for PBXProject "Yantaiforum" */;
			compatibilityVersion = "Xcode 3.2";
			developmentRegion = English;
			hasScannedForEncodings = 0;
			knownRegions = (
				en,
				Base,
			);
			mainGroup = 3F4B8AD51D3F797600DAEC08;
			productRefGroup = 3F4B8ADF1D3F797600DAEC08 /* Products */;
			projectDirPath = "";
			projectRoot = "";
			targets = (
				3F4B8ADD1D3F797600DAEC08 /* Yantaiforum */,
			);
		};
/* End PBXProject section */

/* Begin PBXResourcesBuildPhase section */
		3F4B8ADC1D3F797600DAEC08 /* Resources */ = {
			isa = PBXResourcesBuildPhase;
			buildActionMask = 2147483647;
			files = (
				3F4B8AF11D3F797600DAEC08 /* LaunchScreen.storyboard in Resources */,
				3F4B8AEE1D3F797600DAEC08 /* Assets.xcassets in Resources */,
			);
			runOnlyForDeploymentPostprocessing = 0;
		};
/* End PBXResourcesBuildPhase section */

/* Begin PBXSourcesBuildPhase section */
		3F4B8ADA1D3F797600DAEC08 /* Sources */ = {
			isa = PBXSourcesBuildPhase;
			buildActionMask = 2147483647;
			files = (
				3F4B8AE61D3F797600DAEC08 /* AppDelegate.m in Sources */,
				3F4B8AE31D3F797600DAEC08 /* main.m in Sources */,
			);
			runOnlyForDeploymentPostprocessing = 0;
		};
/* End PBXSourcesBuildPhase section */

/* Begin PBXVariantGroup section */
		3F4B8AEF1D3F797600DAEC08 /* LaunchScreen.storyboard */ = {
			isa = PBXVariantGroup;
			children = (
				3F4B8AF01D3F797600DAEC08 /* Base */,
			);
			name = LaunchScreen.storyboard;
			sourceTree = "<group>";
		};
/* End PBXVariantGroup section */

/* Begin XCBuildConfiguration section */
		3F4B8AF31D3F797600DAEC08 /* Debug */ = {
			isa = XCBuildConfiguration;
			buildSettings = {
				ALWAYS_SEARCH_USER_PATHS = NO;
				CLANG_ANALYZER_NONNULL = YES;
				CLANG_CXX_LANGUAGE_STANDARD = "gnu++0x";
				CLANG_CXX_LIBRARY = "libc++";
				CLANG_ENABLE_MODULES = YES;
				CLANG_ENABLE_OBJC_ARC = YES;
				CLANG_WARN_BOOL_CONVERSION = YES;
				CLANG_WARN_CONSTANT_CONVERSION = YES;
				CLANG_WARN_DIRECT_OBJC_ISA_USAGE = YES_ERROR;
				CLANG_WARN_EMPTY_BODY = YES;
				CLANG_WARN_ENUM_CONVERSION = YES;
				CLANG_WARN_INT_CONVERSION = YES;
				CLANG_WARN_OBJC_ROOT_CLASS = YES_ERROR;
				CLANG_WARN_UNREACHABLE_CODE = YES;
				CLANG_WARN__DUPLICATE_METHOD_MATCH = YES;
				"CODE_SIGN_IDENTITY[sdk=iphoneos*]" = "iPhone Developer";
				COPY_PHASE_STRIP = NO;
				DEBUG_INFORMATION_FORMAT = dwarf;
				ENABLE_STRICT_OBJC_MSGSEND = YES;
				ENABLE_TESTABILITY = YES;
				GCC_C_LANGUAGE_STANDARD = gnu99;
				GCC_DYNAMIC_NO_PIC = NO;
				GCC_NO_COMMON_BLOCKS = YES;
				GCC_OPTIMIZATION_LEVEL = 0;
				GCC_PREPROCESSOR_DEFINITIONS = (
					"DEBUG=1",
					"$(inherited)",
				);
				GCC_WARN_64_TO_32_BIT_CONVERSION = YES;
				GCC_WARN_ABOUT_RETURN_TYPE = YES_ERROR;
				GCC_WARN_UNDECLARED_SELECTOR = YES;
				GCC_WARN_UNINITIALIZED_AUTOS = YES_AGGRESSIVE;
				GCC_WARN_UNUSED_FUNCTION = YES;
				GCC_WARN_UNUSED_VARIABLE = YES;
				IPHONEOS_DEPLOYMENT_TARGET = 9.3;
				MTL_ENABLE_DEBUG_INFO = YES;
				ONLY_ACTIVE_ARCH = YES;
				SDKROOT = iphoneos;
				TARGETED_DEVICE_FAMILY = "1,2";
			};
			name = Debug;
		};
		3F4B8AF41D3F797600DAEC08 /* Release */ = {
			isa = XCBuildConfiguration;
			buildSettings = {
				ALWAYS_SEARCH_USER_PATHS = NO;
				CLANG_ANALYZER_NONNULL = YES;
				CLANG_CXX_LANGUAGE_STANDARD = "gnu++0x";
				CLANG_CXX_LIBRARY = "libc++";
				CLANG_ENABLE_MODULES = YES;
				CLANG_ENABLE_OBJC_ARC = YES;
				CLANG_WARN_BOOL_CONVERSION = YES;
				CLANG_WARN_CONSTANT_CONVERSION = YES;
				CLANG_WARN_DIRECT_OBJC_ISA_USAGE = YES_ERROR;
				CLANG_WARN_EMPTY_BODY = YES;
				CLANG_WARN_ENUM_CONVERSION = YES;
				CLANG_WARN_INT_CONVERSION = YES;
				CLANG_WARN_OBJC_ROOT_CLASS = YES_ERROR;
				CLANG_WARN_UNREACHABLE_CODE = YES;
				CLANG_WARN__DUPLICATE_METHOD_MATCH = YES;
				"CODE_SIGN_IDENTITY[sdk=iphoneos*]" = "iPhone Developer";
				COPY_PHASE_STRIP = NO;
				DEBUG_INFORMATION_FORMAT = "dwarf-with-dsym";
				ENABLE_NS_ASSERTIONS = NO;
				ENABLE_STRICT_OBJC_MSGSEND = YES;
				GCC_C_LANGUAGE_STANDARD = gnu99;
				GCC_NO_COMMON_BLOCKS = YES;
				GCC_WARN_64_TO_32_BIT_CONVERSION = YES;
				GCC_WARN_ABOUT_RETURN_TYPE = YES_ERROR;
				GCC_WARN_UNDECLARED_SELECTOR = YES;
				GCC_WARN_UNINITIALIZED_AUTOS = YES_AGGRESSIVE;
				GCC_WARN_UNUSED_FUNCTION = YES;
				GCC_WARN_UNUSED_VARIABLE = YES;
				IPHONEOS_DEPLOYMENT_TARGET = 9.3;
				MTL_ENABLE_DEBUG_INFO = NO;
				SDKROOT = iphoneos;
				TARGETED_DEVICE_FAMILY = "1,2";
				VALIDATE_PRODUCT = YES;
			};
			name = Release;
		};
		3F4B8AF61D3F797600DAEC08 /* Debug */ = {
			isa = XCBuildConfiguration;
			buildSettings = {
				ASSETCATALOG_COMPILER_APPICON_NAME = AppIcon;
				INFOPLIST_FILE = Yantaiforum/Info.plist;
				IPHONEOS_DEPLOYMENT_TARGET = 7.0;
				LD_RUNPATH_SEARCH_PATHS = "$(inherited) @executable_path/Frameworks";
				PRODUCT_BUNDLE_IDENTIFIER = sunxb.Yantaiforum;
				PRODUCT_NAME = "$(TARGET_NAME)";
			};
			name = Debug;
		};
		3F4B8AF71D3F797600DAEC08 /* Release */ = {
			isa = XCBuildConfiguration;
			buildSettings = {
				ASSETCATALOG_COMPILER_APPICON_NAME = AppIcon;
				INFOPLIST_FILE = Yantaiforum/Info.plist;
				IPHONEOS_DEPLOYMENT_TARGET = 7.0;
				LD_RUNPATH_SEARCH_PATHS = "$(inherited) @executable_path/Frameworks";
				PRODUCT_BUNDLE_IDENTIFIER = sunxb.Yantaiforum;
				PRODUCT_NAME = "$(TARGET_NAME)";
			};
			name = Release;
		};
/* End XCBuildConfiguration section */

/* Begin XCConfigurationList section */
		3F4B8AD91D3F797600DAEC08 /* Build configuration list for PBXProject "Yantaiforum" */ = {
			isa = XCConfigurationList;
			buildConfigurations = (
				3F4B8AF31D3F797600DAEC08 /* Debug */,
				3F4B8AF41D3F797600DAEC08 /* Release */,
			);
			defaultConfigurationIsVisible = 0;
			defaultConfigurationName = Release;
		};
		3F4B8AF51D3F797600DAEC08 /* Build configuration list for PBXNativeTarget "Yantaiforum" */ = {
			isa = XCConfigurationList;
			buildConfigurations = (
				3F4B8AF61D3F797600DAEC08 /* Debug */,
				3F4B8AF71D3F797600DAEC08 /* Release */,
			);
			defaultConfigurationIsVisible = 0;
			defaultConfigurationName = Release;
		};
/* End XCConfigurationList section */
	};
	rootObject = 3F4B8AD61D3F797600DAEC08 /* Project object */;
}
