// !$*UTF8*$!
{
	archiveVersion = 1;
	classes = {
	};
	objectVersion = 46;
	objects = {

/* Begin PBXBuildFile section */
		3F4B8AE31D3F797600DAEC08 /* main.m in Sources */ = {isa = PBXBuildFile; fileRef = 3F4B8AE21D3F797600DAEC08 /* main.m */; };
		3F4B8AE61D3F797600DAEC08 /* AppDelegate.m in Sources */ = {isa = PBXBuildFile; fileRef = 3F4B8AE51D3F797600DAEC08 /* AppDelegate.m */; };
		3F4B8AEE1D3F797600DAEC08 /* Assets.xcassets in Resources */ = {isa = PBXBuildFile; fileRef = 3F4B8AED1D3F797600DAEC08 /* Assets.xcassets */; };
		3F4B8AF11D3F797600DAEC08 /* LaunchScreen.storyboard in Resources */ = {isa = PBXBuildFile; fileRef = 3F4B8AEF1D3F797600DAEC08 /* LaunchScreen.storyboard */; };
<<<<<<< HEAD
		AD5A81881D407D4500695985 /* tab_icon_find_f.png in Resources */ = {isa = PBXBuildFile; fileRef = AD5A817E1D407D4500695985 /* tab_icon_find_f.png */; };
		AD5A81891D407D4500695985 /* tab_icon_find_n.png in Resources */ = {isa = PBXBuildFile; fileRef = AD5A817F1D407D4500695985 /* tab_icon_find_n.png */; };
		AD5A818A1D407D4500695985 /* tab_icon_index_f.png in Resources */ = {isa = PBXBuildFile; fileRef = AD5A81801D407D4500695985 /* tab_icon_index_f.png */; };
		AD5A818B1D407D4500695985 /* tab_icon_index_n.png in Resources */ = {isa = PBXBuildFile; fileRef = AD5A81811D407D4500695985 /* tab_icon_index_n.png */; };
		AD5A818C1D407D4500695985 /* tab_icon_message_f.png in Resources */ = {isa = PBXBuildFile; fileRef = AD5A81821D407D4500695985 /* tab_icon_message_f.png */; };
		AD5A818D1D407D4500695985 /* tab_icon_message_n.png in Resources */ = {isa = PBXBuildFile; fileRef = AD5A81831D407D4500695985 /* tab_icon_message_n.png */; };
		AD5A818E1D407D4500695985 /* tab_icon_message_tip_f.png in Resources */ = {isa = PBXBuildFile; fileRef = AD5A81841D407D4500695985 /* tab_icon_message_tip_f.png */; };
		AD5A818F1D407D4500695985 /* tab_icon_message_tip_n.png in Resources */ = {isa = PBXBuildFile; fileRef = AD5A81851D407D4500695985 /* tab_icon_message_tip_n.png */; };
		AD5A81901D407D4500695985 /* tab_icon_picshare_f.png in Resources */ = {isa = PBXBuildFile; fileRef = AD5A81861D407D4500695985 /* tab_icon_picshare_f.png */; };
		AD5A81911D407D4500695985 /* tab_icon_picshare_n.png in Resources */ = {isa = PBXBuildFile; fileRef = AD5A81871D407D4500695985 /* tab_icon_picshare_n.png */; };
=======
		660FD226A2D15077EB58F384 /* libPods-Yantaiforum.a in Frameworks */ = {isa = PBXBuildFile; fileRef = 1DA38CE7D037D3DF5A0A0D7E /* libPods-Yantaiforum.a */; };
>>>>>>> 07f33ee0ac5a36eb4241fd64711ef8bd395ce9af
/* End PBXBuildFile section */

/* Begin PBXFileReference section */
		1DA38CE7D037D3DF5A0A0D7E /* libPods-Yantaiforum.a */ = {isa = PBXFileReference; explicitFileType = archive.ar; includeInIndex = 0; path = "libPods-Yantaiforum.a"; sourceTree = BUILT_PRODUCTS_DIR; };
		2265CBC2C29F06BB7F98A680 /* Pods-Yantaiforum.release.xcconfig */ = {isa = PBXFileReference; includeInIndex = 1; lastKnownFileType = text.xcconfig; name = "Pods-Yantaiforum.release.xcconfig"; path = "Pods/Target Support Files/Pods-Yantaiforum/Pods-Yantaiforum.release.xcconfig"; sourceTree = "<group>"; };
		3F46417E1D406CAB004547A4 /* Yantaiforum-Prefix.pch */ = {isa = PBXFileReference; fileEncoding = 4; lastKnownFileType = sourcecode.c.h; path = "Yantaiforum-Prefix.pch"; sourceTree = "<group>"; };
		3F46417F1D407554004547A4 /* UsualDefine.h */ = {isa = PBXFileReference; lastKnownFileType = sourcecode.c.h; path = UsualDefine.h; sourceTree = "<group>"; };
		3F4B8ADE1D3F797600DAEC08 /* Yantaiforum.app */ = {isa = PBXFileReference; explicitFileType = wrapper.application; includeInIndex = 0; path = Yantaiforum.app; sourceTree = BUILT_PRODUCTS_DIR; };
		3F4B8AE21D3F797600DAEC08 /* main.m */ = {isa = PBXFileReference; lastKnownFileType = sourcecode.c.objc; path = main.m; sourceTree = "<group>"; };
		3F4B8AE41D3F797600DAEC08 /* AppDelegate.h */ = {isa = PBXFileReference; lastKnownFileType = sourcecode.c.h; name = AppDelegate.h; path = ../AppDelegate.h; sourceTree = "<group>"; };
		3F4B8AE51D3F797600DAEC08 /* AppDelegate.m */ = {isa = PBXFileReference; lastKnownFileType = sourcecode.c.objc; name = AppDelegate.m; path = ../AppDelegate.m; sourceTree = "<group>"; };
		3F4B8AED1D3F797600DAEC08 /* Assets.xcassets */ = {isa = PBXFileReference; lastKnownFileType = folder.assetcatalog; path = Assets.xcassets; sourceTree = "<group>"; };
		3F4B8AF01D3F797600DAEC08 /* Base */ = {isa = PBXFileReference; lastKnownFileType = file.storyboard; name = Base; path = Base.lproj/LaunchScreen.storyboard; sourceTree = "<group>"; };
		3F4B8AF21D3F797600DAEC08 /* Info.plist */ = {isa = PBXFileReference; lastKnownFileType = text.plist.xml; path = Info.plist; sourceTree = "<group>"; };
<<<<<<< HEAD
		AD5A817E1D407D4500695985 /* tab_icon_find_f.png */ = {isa = PBXFileReference; lastKnownFileType = image.png; path = tab_icon_find_f.png; sourceTree = SOURCE_ROOT; };
		AD5A817F1D407D4500695985 /* tab_icon_find_n.png */ = {isa = PBXFileReference; lastKnownFileType = image.png; path = tab_icon_find_n.png; sourceTree = SOURCE_ROOT; };
		AD5A81801D407D4500695985 /* tab_icon_index_f.png */ = {isa = PBXFileReference; lastKnownFileType = image.png; path = tab_icon_index_f.png; sourceTree = SOURCE_ROOT; };
		AD5A81811D407D4500695985 /* tab_icon_index_n.png */ = {isa = PBXFileReference; lastKnownFileType = image.png; path = tab_icon_index_n.png; sourceTree = SOURCE_ROOT; };
		AD5A81821D407D4500695985 /* tab_icon_message_f.png */ = {isa = PBXFileReference; lastKnownFileType = image.png; path = tab_icon_message_f.png; sourceTree = SOURCE_ROOT; };
		AD5A81831D407D4500695985 /* tab_icon_message_n.png */ = {isa = PBXFileReference; lastKnownFileType = image.png; path = tab_icon_message_n.png; sourceTree = SOURCE_ROOT; };
		AD5A81841D407D4500695985 /* tab_icon_message_tip_f.png */ = {isa = PBXFileReference; lastKnownFileType = image.png; path = tab_icon_message_tip_f.png; sourceTree = SOURCE_ROOT; };
		AD5A81851D407D4500695985 /* tab_icon_message_tip_n.png */ = {isa = PBXFileReference; lastKnownFileType = image.png; path = tab_icon_message_tip_n.png; sourceTree = SOURCE_ROOT; };
		AD5A81861D407D4500695985 /* tab_icon_picshare_f.png */ = {isa = PBXFileReference; lastKnownFileType = image.png; path = tab_icon_picshare_f.png; sourceTree = SOURCE_ROOT; };
		AD5A81871D407D4500695985 /* tab_icon_picshare_n.png */ = {isa = PBXFileReference; lastKnownFileType = image.png; path = tab_icon_picshare_n.png; sourceTree = SOURCE_ROOT; };
=======
		DCF221F93ED5905FA56E46FE /* Pods-Yantaiforum.debug.xcconfig */ = {isa = PBXFileReference; includeInIndex = 1; lastKnownFileType = text.xcconfig; name = "Pods-Yantaiforum.debug.xcconfig"; path = "Pods/Target Support Files/Pods-Yantaiforum/Pods-Yantaiforum.debug.xcconfig"; sourceTree = "<group>"; };
>>>>>>> 07f33ee0ac5a36eb4241fd64711ef8bd395ce9af
/* End PBXFileReference section */

/* Begin PBXFrameworksBuildPhase section */
		3F4B8ADB1D3F797600DAEC08 /* Frameworks */ = {
			isa = PBXFrameworksBuildPhase;
			buildActionMask = 2147483647;
			files = (
				660FD226A2D15077EB58F384 /* libPods-Yantaiforum.a in Frameworks */,
			);
			runOnlyForDeploymentPostprocessing = 0;
		};
/* End PBXFrameworksBuildPhase section */

/* Begin PBXGroup section */
		27B39D3D066C9C47561C58EE /* Pods */ = {
			isa = PBXGroup;
			children = (
				DCF221F93ED5905FA56E46FE /* Pods-Yantaiforum.debug.xcconfig */,
				2265CBC2C29F06BB7F98A680 /* Pods-Yantaiforum.release.xcconfig */,
			);
			name = Pods;
			sourceTree = "<group>";
		};
		3F4641781D406509004547A4 /* Tabbar */ = {
			isa = PBXGroup;
			children = (
				3F4641791D406509004547A4 /* FirstStagePage */,
				3F46417A1D406509004547A4 /* MainTabbar */,
			);
			path = Tabbar;
			sourceTree = "<group>";
		};
		3F4641791D406509004547A4 /* FirstStagePage */ = {
			isa = PBXGroup;
			children = (
			);
			path = FirstStagePage;
			sourceTree = "<group>";
		};
		3F46417A1D406509004547A4 /* MainTabbar */ = {
			isa = PBXGroup;
			children = (
			);
			path = MainTabbar;
			sourceTree = "<group>";
		};
		3F4B8AD51D3F797600DAEC08 = {
			isa = PBXGroup;
			children = (
				3F4B8AE01D3F797600DAEC08 /* Yantaiforum */,
				3F4B8ADF1D3F797600DAEC08 /* Products */,
				27B39D3D066C9C47561C58EE /* Pods */,
				49CE4A650C4DAAD3452FFEE5 /* Frameworks */,
			);
			sourceTree = "<group>";
		};
		3F4B8ADF1D3F797600DAEC08 /* Products */ = {
			isa = PBXGroup;
			children = (
				3F4B8ADE1D3F797600DAEC08 /* Yantaiforum.app */,
			);
			name = Products;
			sourceTree = "<group>";
		};
		3F4B8AE01D3F797600DAEC08 /* Yantaiforum */ = {
			isa = PBXGroup;
			children = (
				3F46417E1D406CAB004547A4 /* Yantaiforum-Prefix.pch */,
				3F4B8AF81D3F799D00DAEC08 /* Resource */,
				3F4B8AFD1D3F7AE500DAEC08 /* Modules */,
				3F4B8AF91D3F79F200DAEC08 /* Categories */,
				3F4B8B001D3F7C8D00DAEC08 /* Components */,
				3F4B8AFA1D3F79F200DAEC08 /* SuperClass */,
				3F4B8AFC1D3F7A2100DAEC08 /* Application */,
				3F4B8AFF1D3F7B1900DAEC08 /* Utils */,
				3F4B8AE11D3F797600DAEC08 /* Supporting Files */,
			);
			path = Yantaiforum;
			sourceTree = "<group>";
		};
		3F4B8AE11D3F797600DAEC08 /* Supporting Files */ = {
			isa = PBXGroup;
			children = (
				3F4B8AED1D3F797600DAEC08 /* Assets.xcassets */,
				3F4B8AEF1D3F797600DAEC08 /* LaunchScreen.storyboard */,
				3F4B8AF21D3F797600DAEC08 /* Info.plist */,
				3F4B8AE21D3F797600DAEC08 /* main.m */,
			);
			name = "Supporting Files";
			sourceTree = "<group>";
		};
		3F4B8AF81D3F799D00DAEC08 /* Resource */ = {
			isa = PBXGroup;
			children = (
				AD5A817D1D407D2400695985 /* ToolbarImg */,
			);
			path = Resource;
			sourceTree = "<group>";
		};
		3F4B8AF91D3F79F200DAEC08 /* Categories */ = {
			isa = PBXGroup;
			children = (
			);
			path = Categories;
			sourceTree = "<group>";
		};
		3F4B8AFA1D3F79F200DAEC08 /* SuperClass */ = {
			isa = PBXGroup;
			children = (
			);
			path = SuperClass;
			sourceTree = "<group>";
		};
		3F4B8AFC1D3F7A2100DAEC08 /* Application */ = {
			isa = PBXGroup;
			children = (
				3F4B8AE41D3F797600DAEC08 /* AppDelegate.h */,
				3F4B8AE51D3F797600DAEC08 /* AppDelegate.m */,
			);
			path = Application;
			sourceTree = "<group>";
		};
		3F4B8AFD1D3F7AE500DAEC08 /* Modules */ = {
			isa = PBXGroup;
			children = (
				3F4641781D406509004547A4 /* Tabbar */,
			);
			path = Modules;
			sourceTree = "<group>";
		};
		3F4B8AFF1D3F7B1900DAEC08 /* Utils */ = {
			isa = PBXGroup;
			children = (
				3F46417F1D407554004547A4 /* UsualDefine.h */,
			);
			path = Utils;
			sourceTree = "<group>";
		};
		3F4B8B001D3F7C8D00DAEC08 /* Components */ = {
			isa = PBXGroup;
			children = (
			);
			path = Components;
			sourceTree = "<group>";
		};
<<<<<<< HEAD
		AD5A817D1D407D2400695985 /* ToolbarImg */ = {
			isa = PBXGroup;
			children = (
				AD5A817E1D407D4500695985 /* tab_icon_find_f.png */,
				AD5A817F1D407D4500695985 /* tab_icon_find_n.png */,
				AD5A81801D407D4500695985 /* tab_icon_index_f.png */,
				AD5A81811D407D4500695985 /* tab_icon_index_n.png */,
				AD5A81821D407D4500695985 /* tab_icon_message_f.png */,
				AD5A81831D407D4500695985 /* tab_icon_message_n.png */,
				AD5A81841D407D4500695985 /* tab_icon_message_tip_f.png */,
				AD5A81851D407D4500695985 /* tab_icon_message_tip_n.png */,
				AD5A81861D407D4500695985 /* tab_icon_picshare_f.png */,
				AD5A81871D407D4500695985 /* tab_icon_picshare_n.png */,
			);
			name = ToolbarImg;
=======
		49CE4A650C4DAAD3452FFEE5 /* Frameworks */ = {
			isa = PBXGroup;
			children = (
				1DA38CE7D037D3DF5A0A0D7E /* libPods-Yantaiforum.a */,
			);
			name = Frameworks;
>>>>>>> 07f33ee0ac5a36eb4241fd64711ef8bd395ce9af
			sourceTree = "<group>";
		};
/* End PBXGroup section */

/* Begin PBXNativeTarget section */
		3F4B8ADD1D3F797600DAEC08 /* Yantaiforum */ = {
			isa = PBXNativeTarget;
			buildConfigurationList = 3F4B8AF51D3F797600DAEC08 /* Build configuration list for PBXNativeTarget "Yantaiforum" */;
			buildPhases = (
				C4F44277111F09611BD5AE7A /* [CP] Check Pods Manifest.lock */,
				3F4B8ADA1D3F797600DAEC08 /* Sources */,
				3F4B8ADB1D3F797600DAEC08 /* Frameworks */,
				3F4B8ADC1D3F797600DAEC08 /* Resources */,
				CD5348C57B05FF1709B21454 /* [CP] Embed Pods Frameworks */,
				29D6A43025C60BA7FC33EE42 /* [CP] Copy Pods Resources */,
			);
			buildRules = (
			);
			dependencies = (
			);
			name = Yantaiforum;
			productName = Yantaiforum;
			productReference = 3F4B8ADE1D3F797600DAEC08 /* Yantaiforum.app */;
			productType = "com.apple.product-type.application";
		};
/* End PBXNativeTarget section */

/* Begin PBXProject section */
		3F4B8AD61D3F797600DAEC08 /* Project object */ = {
			isa = PBXProject;
			attributes = {
				LastUpgradeCheck = 0730;
				ORGANIZATIONNAME = sunxb;
				TargetAttributes = {
					3F4B8ADD1D3F797600DAEC08 = {
						CreatedOnToolsVersion = 7.3.1;
					};
				};
			};
			buildConfigurationList = 3F4B8AD91D3F797600DAEC08 /* Build configuration list for PBXProject "Yantaiforum" */;
			compatibilityVersion = "Xcode 3.2";
			developmentRegion = English;
			hasScannedForEncodings = 0;
			knownRegions = (
				en,
				Base,
			);
			mainGroup = 3F4B8AD51D3F797600DAEC08;
			productRefGroup = 3F4B8ADF1D3F797600DAEC08 /* Products */;
			projectDirPath = "";
			projectRoot = "";
			targets = (
				3F4B8ADD1D3F797600DAEC08 /* Yantaiforum */,
			);
		};
/* End PBXProject section */

/* Begin PBXResourcesBuildPhase section */
		3F4B8ADC1D3F797600DAEC08 /* Resources */ = {
			isa = PBXResourcesBuildPhase;
			buildActionMask = 2147483647;
			files = (
				AD5A81911D407D4500695985 /* tab_icon_picshare_n.png in Resources */,
				AD5A81881D407D4500695985 /* tab_icon_find_f.png in Resources */,
				AD5A818D1D407D4500695985 /* tab_icon_message_n.png in Resources */,
				3F4B8AF11D3F797600DAEC08 /* LaunchScreen.storyboard in Resources */,
				AD5A81901D407D4500695985 /* tab_icon_picshare_f.png in Resources */,
				AD5A81891D407D4500695985 /* tab_icon_find_n.png in Resources */,
				AD5A818E1D407D4500695985 /* tab_icon_message_tip_f.png in Resources */,
				AD5A818A1D407D4500695985 /* tab_icon_index_f.png in Resources */,
				AD5A818C1D407D4500695985 /* tab_icon_message_f.png in Resources */,
				AD5A818F1D407D4500695985 /* tab_icon_message_tip_n.png in Resources */,
				AD5A818B1D407D4500695985 /* tab_icon_index_n.png in Resources */,
				3F4B8AEE1D3F797600DAEC08 /* Assets.xcassets in Resources */,
			);
			runOnlyForDeploymentPostprocessing = 0;
		};
/* End PBXResourcesBuildPhase section */

/* Begin PBXShellScriptBuildPhase section */
		29D6A43025C60BA7FC33EE42 /* [CP] Copy Pods Resources */ = {
			isa = PBXShellScriptBuildPhase;
			buildActionMask = 2147483647;
			files = (
			);
			inputPaths = (
			);
			name = "[CP] Copy Pods Resources";
			outputPaths = (
			);
			runOnlyForDeploymentPostprocessing = 0;
			shellPath = /bin/sh;
			shellScript = "\"${SRCROOT}/Pods/Target Support Files/Pods-Yantaiforum/Pods-Yantaiforum-resources.sh\"\n";
			showEnvVarsInLog = 0;
		};
		C4F44277111F09611BD5AE7A /* [CP] Check Pods Manifest.lock */ = {
			isa = PBXShellScriptBuildPhase;
			buildActionMask = 2147483647;
			files = (
			);
			inputPaths = (
			);
			name = "[CP] Check Pods Manifest.lock";
			outputPaths = (
			);
			runOnlyForDeploymentPostprocessing = 0;
			shellPath = /bin/sh;
			shellScript = "diff \"${PODS_ROOT}/../Podfile.lock\" \"${PODS_ROOT}/Manifest.lock\" > /dev/null\nif [ $? != 0 ] ; then\n    # print error to STDERR\n    echo \"error: The sandbox is not in sync with the Podfile.lock. Run 'pod install' or update your CocoaPods installation.\" >&2\n    exit 1\nfi\n";
			showEnvVarsInLog = 0;
		};
		CD5348C57B05FF1709B21454 /* [CP] Embed Pods Frameworks */ = {
			isa = PBXShellScriptBuildPhase;
			buildActionMask = 2147483647;
			files = (
			);
			inputPaths = (
			);
			name = "[CP] Embed Pods Frameworks";
			outputPaths = (
			);
			runOnlyForDeploymentPostprocessing = 0;
			shellPath = /bin/sh;
			shellScript = "\"${SRCROOT}/Pods/Target Support Files/Pods-Yantaiforum/Pods-Yantaiforum-frameworks.sh\"\n";
			showEnvVarsInLog = 0;
		};
/* End PBXShellScriptBuildPhase section */

/* Begin PBXSourcesBuildPhase section */
		3F4B8ADA1D3F797600DAEC08 /* Sources */ = {
			isa = PBXSourcesBuildPhase;
			buildActionMask = 2147483647;
			files = (
				3F4B8AE61D3F797600DAEC08 /* AppDelegate.m in Sources */,
				3F4B8AE31D3F797600DAEC08 /* main.m in Sources */,
			);
			runOnlyForDeploymentPostprocessing = 0;
		};
/* End PBXSourcesBuildPhase section */

/* Begin PBXVariantGroup section */
		3F4B8AEF1D3F797600DAEC08 /* LaunchScreen.storyboard */ = {
			isa = PBXVariantGroup;
			children = (
				3F4B8AF01D3F797600DAEC08 /* Base */,
			);
			name = LaunchScreen.storyboard;
			sourceTree = "<group>";
		};
/* End PBXVariantGroup section */

/* Begin XCBuildConfiguration section */
		3F4B8AF31D3F797600DAEC08 /* Debug */ = {
			isa = XCBuildConfiguration;
			buildSettings = {
				ALWAYS_SEARCH_USER_PATHS = NO;
				CLANG_ANALYZER_NONNULL = YES;
				CLANG_CXX_LANGUAGE_STANDARD = "gnu++0x";
				CLANG_CXX_LIBRARY = "libc++";
				CLANG_ENABLE_MODULES = YES;
				CLANG_ENABLE_OBJC_ARC = YES;
				CLANG_WARN_BOOL_CONVERSION = YES;
				CLANG_WARN_CONSTANT_CONVERSION = YES;
				CLANG_WARN_DIRECT_OBJC_ISA_USAGE = YES_ERROR;
				CLANG_WARN_EMPTY_BODY = YES;
				CLANG_WARN_ENUM_CONVERSION = YES;
				CLANG_WARN_INT_CONVERSION = YES;
				CLANG_WARN_OBJC_ROOT_CLASS = YES_ERROR;
				CLANG_WARN_UNREACHABLE_CODE = YES;
				CLANG_WARN__DUPLICATE_METHOD_MATCH = YES;
				"CODE_SIGN_IDENTITY[sdk=iphoneos*]" = "iPhone Developer";
				COPY_PHASE_STRIP = NO;
				DEBUG_INFORMATION_FORMAT = dwarf;
				ENABLE_STRICT_OBJC_MSGSEND = YES;
				ENABLE_TESTABILITY = YES;
				GCC_C_LANGUAGE_STANDARD = gnu99;
				GCC_DYNAMIC_NO_PIC = NO;
				GCC_NO_COMMON_BLOCKS = YES;
				GCC_OPTIMIZATION_LEVEL = 0;
				GCC_PREPROCESSOR_DEFINITIONS = (
					"DEBUG=1",
					"$(inherited)",
				);
				GCC_WARN_64_TO_32_BIT_CONVERSION = YES;
				GCC_WARN_ABOUT_RETURN_TYPE = YES_ERROR;
				GCC_WARN_UNDECLARED_SELECTOR = YES;
				GCC_WARN_UNINITIALIZED_AUTOS = YES_AGGRESSIVE;
				GCC_WARN_UNUSED_FUNCTION = YES;
				GCC_WARN_UNUSED_VARIABLE = YES;
				IPHONEOS_DEPLOYMENT_TARGET = 9.3;
				MTL_ENABLE_DEBUG_INFO = YES;
				ONLY_ACTIVE_ARCH = YES;
				SDKROOT = iphoneos;
				TARGETED_DEVICE_FAMILY = "1,2";
			};
			name = Debug;
		};
		3F4B8AF41D3F797600DAEC08 /* Release */ = {
			isa = XCBuildConfiguration;
			buildSettings = {
				ALWAYS_SEARCH_USER_PATHS = NO;
				CLANG_ANALYZER_NONNULL = YES;
				CLANG_CXX_LANGUAGE_STANDARD = "gnu++0x";
				CLANG_CXX_LIBRARY = "libc++";
				CLANG_ENABLE_MODULES = YES;
				CLANG_ENABLE_OBJC_ARC = YES;
				CLANG_WARN_BOOL_CONVERSION = YES;
				CLANG_WARN_CONSTANT_CONVERSION = YES;
				CLANG_WARN_DIRECT_OBJC_ISA_USAGE = YES_ERROR;
				CLANG_WARN_EMPTY_BODY = YES;
				CLANG_WARN_ENUM_CONVERSION = YES;
				CLANG_WARN_INT_CONVERSION = YES;
				CLANG_WARN_OBJC_ROOT_CLASS = YES_ERROR;
				CLANG_WARN_UNREACHABLE_CODE = YES;
				CLANG_WARN__DUPLICATE_METHOD_MATCH = YES;
				"CODE_SIGN_IDENTITY[sdk=iphoneos*]" = "iPhone Developer";
				COPY_PHASE_STRIP = NO;
				DEBUG_INFORMATION_FORMAT = "dwarf-with-dsym";
				ENABLE_NS_ASSERTIONS = NO;
				ENABLE_STRICT_OBJC_MSGSEND = YES;
				GCC_C_LANGUAGE_STANDARD = gnu99;
				GCC_NO_COMMON_BLOCKS = YES;
				GCC_WARN_64_TO_32_BIT_CONVERSION = YES;
				GCC_WARN_ABOUT_RETURN_TYPE = YES_ERROR;
				GCC_WARN_UNDECLARED_SELECTOR = YES;
				GCC_WARN_UNINITIALIZED_AUTOS = YES_AGGRESSIVE;
				GCC_WARN_UNUSED_FUNCTION = YES;
				GCC_WARN_UNUSED_VARIABLE = YES;
				IPHONEOS_DEPLOYMENT_TARGET = 9.3;
				MTL_ENABLE_DEBUG_INFO = NO;
				SDKROOT = iphoneos;
				TARGETED_DEVICE_FAMILY = "1,2";
				VALIDATE_PRODUCT = YES;
			};
			name = Release;
		};
		3F4B8AF61D3F797600DAEC08 /* Debug */ = {
			isa = XCBuildConfiguration;
			baseConfigurationReference = DCF221F93ED5905FA56E46FE /* Pods-Yantaiforum.debug.xcconfig */;
			buildSettings = {
				ASSETCATALOG_COMPILER_APPICON_NAME = AppIcon;
				GCC_PRECOMPILE_PREFIX_HEADER = YES;
				GCC_PREFIX_HEADER = "$(SRCROOT)/Yantaiforum/Yantaiforum-Prefix.pch";
				INFOPLIST_FILE = Yantaiforum/Info.plist;
				IPHONEOS_DEPLOYMENT_TARGET = 7.0;
				LD_RUNPATH_SEARCH_PATHS = "$(inherited) @executable_path/Frameworks";
				PRODUCT_BUNDLE_IDENTIFIER = sunxb.Yantaiforum;
				PRODUCT_NAME = "$(TARGET_NAME)";
				USER_HEADER_SEARCH_PATHS = "$(PODS_ROOT)/**";
			};
			name = Debug;
		};
		3F4B8AF71D3F797600DAEC08 /* Release */ = {
			isa = XCBuildConfiguration;
			baseConfigurationReference = 2265CBC2C29F06BB7F98A680 /* Pods-Yantaiforum.release.xcconfig */;
			buildSettings = {
				ASSETCATALOG_COMPILER_APPICON_NAME = AppIcon;
				GCC_PRECOMPILE_PREFIX_HEADER = YES;
				GCC_PREFIX_HEADER = "$(SRCROOT)/Yantaiforum/Yantaiforum-Prefix.pch";
				INFOPLIST_FILE = Yantaiforum/Info.plist;
				IPHONEOS_DEPLOYMENT_TARGET = 7.0;
				LD_RUNPATH_SEARCH_PATHS = "$(inherited) @executable_path/Frameworks";
				PRODUCT_BUNDLE_IDENTIFIER = sunxb.Yantaiforum;
				PRODUCT_NAME = "$(TARGET_NAME)";
				USER_HEADER_SEARCH_PATHS = "$(PODS_ROOT)/**";
			};
			name = Release;
		};
/* End XCBuildConfiguration section */

/* Begin XCConfigurationList section */
		3F4B8AD91D3F797600DAEC08 /* Build configuration list for PBXProject "Yantaiforum" */ = {
			isa = XCConfigurationList;
			buildConfigurations = (
				3F4B8AF31D3F797600DAEC08 /* Debug */,
				3F4B8AF41D3F797600DAEC08 /* Release */,
			);
			defaultConfigurationIsVisible = 0;
			defaultConfigurationName = Release;
		};
		3F4B8AF51D3F797600DAEC08 /* Build configuration list for PBXNativeTarget "Yantaiforum" */ = {
			isa = XCConfigurationList;
			buildConfigurations = (
				3F4B8AF61D3F797600DAEC08 /* Debug */,
				3F4B8AF71D3F797600DAEC08 /* Release */,
			);
			defaultConfigurationIsVisible = 0;
			defaultConfigurationName = Release;
		};
/* End XCConfigurationList section */
	};
	rootObject = 3F4B8AD61D3F797600DAEC08 /* Project object */;
}
