// !$*UTF8*$!
{
	archiveVersion = 1;
	classes = {
	};
	objectVersion = 46;
	objects = {

/* Begin PBXBuildFile section */
		3F4641891D408D97004547A4 /* tab_icon_find_f.png in Resources */ = {isa = PBXBuildFile; fileRef = 3F4641811D408D97004547A4 /* tab_icon_find_f.png */; };
		3F46418A1D408D97004547A4 /* tab_icon_find_n.png in Resources */ = {isa = PBXBuildFile; fileRef = 3F4641821D408D97004547A4 /* tab_icon_find_n.png */; };
		3F46418B1D408D97004547A4 /* tab_icon_index_f.png in Resources */ = {isa = PBXBuildFile; fileRef = 3F4641831D408D97004547A4 /* tab_icon_index_f.png */; };
		3F46418C1D408D97004547A4 /* tab_icon_index_n.png in Resources */ = {isa = PBXBuildFile; fileRef = 3F4641841D408D97004547A4 /* tab_icon_index_n.png */; };
		3F46418D1D408D97004547A4 /* tab_icon_message_f.png in Resources */ = {isa = PBXBuildFile; fileRef = 3F4641851D408D97004547A4 /* tab_icon_message_f.png */; };
		3F46418E1D408D97004547A4 /* tab_icon_message_n.png in Resources */ = {isa = PBXBuildFile; fileRef = 3F4641861D408D97004547A4 /* tab_icon_message_n.png */; };
		3F46418F1D408D97004547A4 /* tab_icon_picshare_f.png in Resources */ = {isa = PBXBuildFile; fileRef = 3F4641871D408D97004547A4 /* tab_icon_picshare_f.png */; };
		3F4641901D408D97004547A4 /* tab_icon_picshare_n.png in Resources */ = {isa = PBXBuildFile; fileRef = 3F4641881D408D97004547A4 /* tab_icon_picshare_n.png */; };
		3F4641951D408E38004547A4 /* MyTabBarItem.m in Sources */ = {isa = PBXBuildFile; fileRef = 3F4641921D408E38004547A4 /* MyTabBarItem.m */; };
		3F4641961D408E38004547A4 /* MainTabbarController.m in Sources */ = {isa = PBXBuildFile; fileRef = 3F4641941D408E38004547A4 /* MainTabbarController.m */; };
		3F4641AC1D40940D004547A4 /* HomePageViewController.m in Sources */ = {isa = PBXBuildFile; fileRef = 3F4641AB1D40940D004547A4 /* HomePageViewController.m */; };
		3F4641AF1D409429004547A4 /* SharePictureViewController.m in Sources */ = {isa = PBXBuildFile; fileRef = 3F4641AE1D409429004547A4 /* SharePictureViewController.m */; };
		3F4641B21D409435004547A4 /* MessageViewController.m in Sources */ = {isa = PBXBuildFile; fileRef = 3F4641B11D409435004547A4 /* MessageViewController.m */; };
		3F4641B51D409441004547A4 /* FindViewController.m in Sources */ = {isa = PBXBuildFile; fileRef = 3F4641B41D409441004547A4 /* FindViewController.m */; };
		3F4641B91D409AE1004547A4 /* YTBaseViewController.m in Sources */ = {isa = PBXBuildFile; fileRef = 3F4641B81D409AE1004547A4 /* YTBaseViewController.m */; };
		3F4641BC1D409B1A004547A4 /* YTNavgationBarView.m in Sources */ = {isa = PBXBuildFile; fileRef = 3F4641BB1D409B1A004547A4 /* YTNavgationBarView.m */; };
		3F4641C01D40A7DC004547A4 /* UINavigationController+FDFullscreenPopGesture.m in Sources */ = {isa = PBXBuildFile; fileRef = 3F4641BF1D40A7DC004547A4 /* UINavigationController+FDFullscreenPopGesture.m */; };
		3F4641C21D40AF9F004547A4 /* back.png in Resources */ = {isa = PBXBuildFile; fileRef = 3F4641C11D40AF9F004547A4 /* back.png */; };
		3F4641C91D40DABA004547A4 /* AppDelegate.m in Sources */ = {isa = PBXBuildFile; fileRef = 3F4641C81D40DABA004547A4 /* AppDelegate.m */; };
		3F4B8AE31D3F797600DAEC08 /* main.m in Sources */ = {isa = PBXBuildFile; fileRef = 3F4B8AE21D3F797600DAEC08 /* main.m */; };
		3F4B8AEE1D3F797600DAEC08 /* Assets.xcassets in Resources */ = {isa = PBXBuildFile; fileRef = 3F4B8AED1D3F797600DAEC08 /* Assets.xcassets */; };
		3F4B8AF11D3F797600DAEC08 /* LaunchScreen.storyboard in Resources */ = {isa = PBXBuildFile; fileRef = 3F4B8AEF1D3F797600DAEC08 /* LaunchScreen.storyboard */; };
		3F52CEDE1D45B17B008AE037 /* Mod_HomePage.m in Sources */ = {isa = PBXBuildFile; fileRef = 3F52CEDD1D45B17B008AE037 /* Mod_HomePage.m */; };
		3F52CEE31D45C673008AE037 /* MJPullTableView.m in Sources */ = {isa = PBXBuildFile; fileRef = 3F52CEE21D45C673008AE037 /* MJPullTableView.m */; };
		3F7055561D41BE630065AD12 /* YTBaseModel.m in Sources */ = {isa = PBXBuildFile; fileRef = 3F7055551D41BE630065AD12 /* YTBaseModel.m */; };
		3F7055601D4217E20065AD12 /* YTBaseView.m in Sources */ = {isa = PBXBuildFile; fileRef = 3F70555F1D4217E20065AD12 /* YTBaseView.m */; };
		3F7055631D42182A0065AD12 /* HomePageBannerView.m in Sources */ = {isa = PBXBuildFile; fileRef = 3F7055621D42182A0065AD12 /* HomePageBannerView.m */; };
		3F882A5F1D464F2700F166EE /* UIViewController+Push.m in Sources */ = {isa = PBXBuildFile; fileRef = 3F882A5E1D464F2700F166EE /* UIViewController+Push.m */; };
		3F882A651D465C6100F166EE /* HomePageFocusBtnView.m in Sources */ = {isa = PBXBuildFile; fileRef = 3F882A641D465C6100F166EE /* HomePageFocusBtnView.m */; };
		3F8930C61D4759F10010D8C3 /* HTMLViewController.m in Sources */ = {isa = PBXBuildFile; fileRef = 3F8930C51D4759F10010D8C3 /* HTMLViewController.m */; };
		3F8C1ED81D45F5BF00555587 /* UIColor+ColorUtility.m in Sources */ = {isa = PBXBuildFile; fileRef = 3F8C1ED71D45F5BF00555587 /* UIColor+ColorUtility.m */; };
		3F8C1EDC1D460D8200555587 /* YTHUD.m in Sources */ = {isa = PBXBuildFile; fileRef = 3F8C1EDB1D460D8200555587 /* YTHUD.m */; };
		3F8C1EE21D46106200555587 /* HomePageListCell.m in Sources */ = {isa = PBXBuildFile; fileRef = 3F8C1EE01D46106200555587 /* HomePageListCell.m */; };
		3F8C1EE31D46106200555587 /* HomePageListCell.xib in Resources */ = {isa = PBXBuildFile; fileRef = 3F8C1EE11D46106200555587 /* HomePageListCell.xib */; };
		3FA11B2B1D44F55900A443D1 /* YTNetRequest.m in Sources */ = {isa = PBXBuildFile; fileRef = 3FA11B2A1D44F55900A443D1 /* YTNetRequest.m */; };
		660FD226A2D15077EB58F384 /* libPods-Yantaiforum.a in Frameworks */ = {isa = PBXBuildFile; fileRef = 1DA38CE7D037D3DF5A0A0D7E /* libPods-Yantaiforum.a */; };
/* End PBXBuildFile section */

/* Begin PBXFileReference section */
		1DA38CE7D037D3DF5A0A0D7E /* libPods-Yantaiforum.a */ = {isa = PBXFileReference; explicitFileType = archive.ar; includeInIndex = 0; path = "libPods-Yantaiforum.a"; sourceTree = BUILT_PRODUCTS_DIR; };
		2265CBC2C29F06BB7F98A680 /* Pods-Yantaiforum.release.xcconfig */ = {isa = PBXFileReference; includeInIndex = 1; lastKnownFileType = text.xcconfig; name = "Pods-Yantaiforum.release.xcconfig"; path = "Pods/Target Support Files/Pods-Yantaiforum/Pods-Yantaiforum.release.xcconfig"; sourceTree = "<group>"; };
		3F46417E1D406CAB004547A4 /* Yantaiforum-Prefix.pch */ = {isa = PBXFileReference; fileEncoding = 4; lastKnownFileType = sourcecode.c.h; path = "Yantaiforum-Prefix.pch"; sourceTree = "<group>"; };
		3F46417F1D407554004547A4 /* UsualDefine.h */ = {isa = PBXFileReference; lastKnownFileType = sourcecode.c.h; path = UsualDefine.h; sourceTree = "<group>"; };
		3F4641811D408D97004547A4 /* tab_icon_find_f.png */ = {isa = PBXFileReference; lastKnownFileType = image.png; path = tab_icon_find_f.png; sourceTree = "<group>"; };
		3F4641821D408D97004547A4 /* tab_icon_find_n.png */ = {isa = PBXFileReference; lastKnownFileType = image.png; path = tab_icon_find_n.png; sourceTree = "<group>"; };
		3F4641831D408D97004547A4 /* tab_icon_index_f.png */ = {isa = PBXFileReference; lastKnownFileType = image.png; path = tab_icon_index_f.png; sourceTree = "<group>"; };
		3F4641841D408D97004547A4 /* tab_icon_index_n.png */ = {isa = PBXFileReference; lastKnownFileType = image.png; path = tab_icon_index_n.png; sourceTree = "<group>"; };
		3F4641851D408D97004547A4 /* tab_icon_message_f.png */ = {isa = PBXFileReference; lastKnownFileType = image.png; path = tab_icon_message_f.png; sourceTree = "<group>"; };
		3F4641861D408D97004547A4 /* tab_icon_message_n.png */ = {isa = PBXFileReference; lastKnownFileType = image.png; path = tab_icon_message_n.png; sourceTree = "<group>"; };
		3F4641871D408D97004547A4 /* tab_icon_picshare_f.png */ = {isa = PBXFileReference; lastKnownFileType = image.png; path = tab_icon_picshare_f.png; sourceTree = "<group>"; };
		3F4641881D408D97004547A4 /* tab_icon_picshare_n.png */ = {isa = PBXFileReference; lastKnownFileType = image.png; path = tab_icon_picshare_n.png; sourceTree = "<group>"; };
		3F4641911D408E38004547A4 /* MyTabBarItem.h */ = {isa = PBXFileReference; fileEncoding = 4; lastKnownFileType = sourcecode.c.h; path = MyTabBarItem.h; sourceTree = "<group>"; };
		3F4641921D408E38004547A4 /* MyTabBarItem.m */ = {isa = PBXFileReference; fileEncoding = 4; lastKnownFileType = sourcecode.c.objc; path = MyTabBarItem.m; sourceTree = "<group>"; };
		3F4641931D408E38004547A4 /* MainTabbarController.h */ = {isa = PBXFileReference; fileEncoding = 4; lastKnownFileType = sourcecode.c.h; path = MainTabbarController.h; sourceTree = "<group>"; };
		3F4641941D408E38004547A4 /* MainTabbarController.m */ = {isa = PBXFileReference; fileEncoding = 4; lastKnownFileType = sourcecode.c.objc; path = MainTabbarController.m; sourceTree = "<group>"; };
		3F4641AA1D40940D004547A4 /* HomePageViewController.h */ = {isa = PBXFileReference; fileEncoding = 4; lastKnownFileType = sourcecode.c.h; path = HomePageViewController.h; sourceTree = "<group>"; };
		3F4641AB1D40940D004547A4 /* HomePageViewController.m */ = {isa = PBXFileReference; fileEncoding = 4; lastKnownFileType = sourcecode.c.objc; path = HomePageViewController.m; sourceTree = "<group>"; };
		3F4641AD1D409429004547A4 /* SharePictureViewController.h */ = {isa = PBXFileReference; fileEncoding = 4; lastKnownFileType = sourcecode.c.h; path = SharePictureViewController.h; sourceTree = "<group>"; };
		3F4641AE1D409429004547A4 /* SharePictureViewController.m */ = {isa = PBXFileReference; fileEncoding = 4; lastKnownFileType = sourcecode.c.objc; path = SharePictureViewController.m; sourceTree = "<group>"; };
		3F4641B01D409435004547A4 /* MessageViewController.h */ = {isa = PBXFileReference; fileEncoding = 4; lastKnownFileType = sourcecode.c.h; path = MessageViewController.h; sourceTree = "<group>"; };
		3F4641B11D409435004547A4 /* MessageViewController.m */ = {isa = PBXFileReference; fileEncoding = 4; lastKnownFileType = sourcecode.c.objc; path = MessageViewController.m; sourceTree = "<group>"; };
		3F4641B31D409441004547A4 /* FindViewController.h */ = {isa = PBXFileReference; fileEncoding = 4; lastKnownFileType = sourcecode.c.h; path = FindViewController.h; sourceTree = "<group>"; };
		3F4641B41D409441004547A4 /* FindViewController.m */ = {isa = PBXFileReference; fileEncoding = 4; lastKnownFileType = sourcecode.c.objc; path = FindViewController.m; sourceTree = "<group>"; };
		3F4641B71D409AE1004547A4 /* YTBaseViewController.h */ = {isa = PBXFileReference; fileEncoding = 4; lastKnownFileType = sourcecode.c.h; path = YTBaseViewController.h; sourceTree = "<group>"; };
		3F4641B81D409AE1004547A4 /* YTBaseViewController.m */ = {isa = PBXFileReference; fileEncoding = 4; lastKnownFileType = sourcecode.c.objc; path = YTBaseViewController.m; sourceTree = "<group>"; };
		3F4641BA1D409B1A004547A4 /* YTNavgationBarView.h */ = {isa = PBXFileReference; fileEncoding = 4; lastKnownFileType = sourcecode.c.h; path = YTNavgationBarView.h; sourceTree = "<group>"; };
		3F4641BB1D409B1A004547A4 /* YTNavgationBarView.m */ = {isa = PBXFileReference; fileEncoding = 4; lastKnownFileType = sourcecode.c.objc; path = YTNavgationBarView.m; sourceTree = "<group>"; };
		3F4641BE1D40A7DC004547A4 /* UINavigationController+FDFullscreenPopGesture.h */ = {isa = PBXFileReference; fileEncoding = 4; lastKnownFileType = sourcecode.c.h; path = "UINavigationController+FDFullscreenPopGesture.h"; sourceTree = "<group>"; };
		3F4641BF1D40A7DC004547A4 /* UINavigationController+FDFullscreenPopGesture.m */ = {isa = PBXFileReference; fileEncoding = 4; lastKnownFileType = sourcecode.c.objc; path = "UINavigationController+FDFullscreenPopGesture.m"; sourceTree = "<group>"; };
		3F4641C11D40AF9F004547A4 /* back.png */ = {isa = PBXFileReference; lastKnownFileType = image.png; path = back.png; sourceTree = "<group>"; };
		3F4641C71D40DABA004547A4 /* AppDelegate.h */ = {isa = PBXFileReference; fileEncoding = 4; lastKnownFileType = sourcecode.c.h; path = AppDelegate.h; sourceTree = "<group>"; };
		3F4641C81D40DABA004547A4 /* AppDelegate.m */ = {isa = PBXFileReference; fileEncoding = 4; lastKnownFileType = sourcecode.c.objc; path = AppDelegate.m; sourceTree = "<group>"; };
		3F4B8ADE1D3F797600DAEC08 /* Yantaiforum.app */ = {isa = PBXFileReference; explicitFileType = wrapper.application; includeInIndex = 0; path = Yantaiforum.app; sourceTree = BUILT_PRODUCTS_DIR; };
		3F4B8AE21D3F797600DAEC08 /* main.m */ = {isa = PBXFileReference; lastKnownFileType = sourcecode.c.objc; path = main.m; sourceTree = "<group>"; };
		3F4B8AED1D3F797600DAEC08 /* Assets.xcassets */ = {isa = PBXFileReference; lastKnownFileType = folder.assetcatalog; path = Assets.xcassets; sourceTree = "<group>"; };
		3F4B8AF01D3F797600DAEC08 /* Base */ = {isa = PBXFileReference; lastKnownFileType = file.storyboard; name = Base; path = Base.lproj/LaunchScreen.storyboard; sourceTree = "<group>"; };
		3F4B8AF21D3F797600DAEC08 /* Info.plist */ = {isa = PBXFileReference; lastKnownFileType = text.plist.xml; path = Info.plist; sourceTree = "<group>"; };
		3F52CEDC1D45B17B008AE037 /* Mod_HomePage.h */ = {isa = PBXFileReference; fileEncoding = 4; lastKnownFileType = sourcecode.c.h; path = Mod_HomePage.h; sourceTree = "<group>"; };
		3F52CEDD1D45B17B008AE037 /* Mod_HomePage.m */ = {isa = PBXFileReference; fileEncoding = 4; lastKnownFileType = sourcecode.c.objc; path = Mod_HomePage.m; sourceTree = "<group>"; };
		3F52CEE11D45C673008AE037 /* MJPullTableView.h */ = {isa = PBXFileReference; fileEncoding = 4; lastKnownFileType = sourcecode.c.h; path = MJPullTableView.h; sourceTree = "<group>"; };
		3F52CEE21D45C673008AE037 /* MJPullTableView.m */ = {isa = PBXFileReference; fileEncoding = 4; lastKnownFileType = sourcecode.c.objc; path = MJPullTableView.m; sourceTree = "<group>"; };
		3F7055541D41BE630065AD12 /* YTBaseModel.h */ = {isa = PBXFileReference; fileEncoding = 4; lastKnownFileType = sourcecode.c.h; path = YTBaseModel.h; sourceTree = "<group>"; };
		3F7055551D41BE630065AD12 /* YTBaseModel.m */ = {isa = PBXFileReference; fileEncoding = 4; lastKnownFileType = sourcecode.c.objc; path = YTBaseModel.m; sourceTree = "<group>"; };
		3F70555E1D4217E20065AD12 /* YTBaseView.h */ = {isa = PBXFileReference; fileEncoding = 4; lastKnownFileType = sourcecode.c.h; path = YTBaseView.h; sourceTree = "<group>"; };
		3F70555F1D4217E20065AD12 /* YTBaseView.m */ = {isa = PBXFileReference; fileEncoding = 4; lastKnownFileType = sourcecode.c.objc; path = YTBaseView.m; sourceTree = "<group>"; };
		3F7055611D42182A0065AD12 /* HomePageBannerView.h */ = {isa = PBXFileReference; fileEncoding = 4; lastKnownFileType = sourcecode.c.h; path = HomePageBannerView.h; sourceTree = "<group>"; };
		3F7055621D42182A0065AD12 /* HomePageBannerView.m */ = {isa = PBXFileReference; fileEncoding = 4; lastKnownFileType = sourcecode.c.objc; path = HomePageBannerView.m; sourceTree = "<group>"; };
		3F882A5D1D464F2700F166EE /* UIViewController+Push.h */ = {isa = PBXFileReference; fileEncoding = 4; lastKnownFileType = sourcecode.c.h; path = "UIViewController+Push.h"; sourceTree = "<group>"; };
		3F882A5E1D464F2700F166EE /* UIViewController+Push.m */ = {isa = PBXFileReference; fileEncoding = 4; lastKnownFileType = sourcecode.c.objc; path = "UIViewController+Push.m"; sourceTree = "<group>"; };
		3F882A631D465C6100F166EE /* HomePageFocusBtnView.h */ = {isa = PBXFileReference; fileEncoding = 4; lastKnownFileType = sourcecode.c.h; path = HomePageFocusBtnView.h; sourceTree = "<group>"; };
		3F882A641D465C6100F166EE /* HomePageFocusBtnView.m */ = {isa = PBXFileReference; fileEncoding = 4; lastKnownFileType = sourcecode.c.objc; path = HomePageFocusBtnView.m; sourceTree = "<group>"; };
		3F8930C41D4759F10010D8C3 /* HTMLViewController.h */ = {isa = PBXFileReference; fileEncoding = 4; lastKnownFileType = sourcecode.c.h; path = HTMLViewController.h; sourceTree = "<group>"; };
		3F8930C51D4759F10010D8C3 /* HTMLViewController.m */ = {isa = PBXFileReference; fileEncoding = 4; lastKnownFileType = sourcecode.c.objc; path = HTMLViewController.m; sourceTree = "<group>"; };
		3F8C1ED61D45F5BF00555587 /* UIColor+ColorUtility.h */ = {isa = PBXFileReference; fileEncoding = 4; lastKnownFileType = sourcecode.c.h; path = "UIColor+ColorUtility.h"; sourceTree = "<group>"; };
		3F8C1ED71D45F5BF00555587 /* UIColor+ColorUtility.m */ = {isa = PBXFileReference; fileEncoding = 4; lastKnownFileType = sourcecode.c.objc; path = "UIColor+ColorUtility.m"; sourceTree = "<group>"; };
		3F8C1EDA1D460D8200555587 /* YTHUD.h */ = {isa = PBXFileReference; fileEncoding = 4; lastKnownFileType = sourcecode.c.h; path = YTHUD.h; sourceTree = "<group>"; };
		3F8C1EDB1D460D8200555587 /* YTHUD.m */ = {isa = PBXFileReference; fileEncoding = 4; lastKnownFileType = sourcecode.c.objc; path = YTHUD.m; sourceTree = "<group>"; };
		3F8C1EDF1D46106200555587 /* HomePageListCell.h */ = {isa = PBXFileReference; fileEncoding = 4; lastKnownFileType = sourcecode.c.h; path = HomePageListCell.h; sourceTree = "<group>"; };
		3F8C1EE01D46106200555587 /* HomePageListCell.m */ = {isa = PBXFileReference; fileEncoding = 4; lastKnownFileType = sourcecode.c.objc; path = HomePageListCell.m; sourceTree = "<group>"; };
		3F8C1EE11D46106200555587 /* HomePageListCell.xib */ = {isa = PBXFileReference; fileEncoding = 4; lastKnownFileType = file.xib; path = HomePageListCell.xib; sourceTree = "<group>"; };
		3FA11B291D44F55900A443D1 /* YTNetRequest.h */ = {isa = PBXFileReference; fileEncoding = 4; lastKnownFileType = sourcecode.c.h; path = YTNetRequest.h; sourceTree = "<group>"; };
		3FA11B2A1D44F55900A443D1 /* YTNetRequest.m */ = {isa = PBXFileReference; fileEncoding = 4; lastKnownFileType = sourcecode.c.objc; path = YTNetRequest.m; sourceTree = "<group>"; };
		DCF221F93ED5905FA56E46FE /* Pods-Yantaiforum.debug.xcconfig */ = {isa = PBXFileReference; includeInIndex = 1; lastKnownFileType = text.xcconfig; name = "Pods-Yantaiforum.debug.xcconfig"; path = "Pods/Target Support Files/Pods-Yantaiforum/Pods-Yantaiforum.debug.xcconfig"; sourceTree = "<group>"; };
/* End PBXFileReference section */

/* Begin PBXFrameworksBuildPhase section */
		3F4B8ADB1D3F797600DAEC08 /* Frameworks */ = {
			isa = PBXFrameworksBuildPhase;
			buildActionMask = 2147483647;
			files = (
				660FD226A2D15077EB58F384 /* libPods-Yantaiforum.a in Frameworks */,
			);
			runOnlyForDeploymentPostprocessing = 0;
		};
/* End PBXFrameworksBuildPhase section */

/* Begin PBXGroup section */
		27B39D3D066C9C47561C58EE /* Pods */ = {
			isa = PBXGroup;
			children = (
				DCF221F93ED5905FA56E46FE /* Pods-Yantaiforum.debug.xcconfig */,
				2265CBC2C29F06BB7F98A680 /* Pods-Yantaiforum.release.xcconfig */,
			);
			name = Pods;
			sourceTree = "<group>";
		};
		3F4641781D406509004547A4 /* Tabbar */ = {
			isa = PBXGroup;
			children = (
				3F4641791D406509004547A4 /* FirstStagePage */,
				3F46417A1D406509004547A4 /* MainTabbar */,
			);
			path = Tabbar;
			sourceTree = "<group>";
		};
		3F4641791D406509004547A4 /* FirstStagePage */ = {
			isa = PBXGroup;
			children = (
				3F4641AA1D40940D004547A4 /* HomePageViewController.h */,
				3F4641AB1D40940D004547A4 /* HomePageViewController.m */,
				3F4641AD1D409429004547A4 /* SharePictureViewController.h */,
				3F4641AE1D409429004547A4 /* SharePictureViewController.m */,
				3F4641B01D409435004547A4 /* MessageViewController.h */,
				3F4641B11D409435004547A4 /* MessageViewController.m */,
				3F4641B31D409441004547A4 /* FindViewController.h */,
				3F4641B41D409441004547A4 /* FindViewController.m */,
			);
			path = FirstStagePage;
			sourceTree = "<group>";
		};
		3F46417A1D406509004547A4 /* MainTabbar */ = {
			isa = PBXGroup;
			children = (
				3F4641911D408E38004547A4 /* MyTabBarItem.h */,
				3F4641921D408E38004547A4 /* MyTabBarItem.m */,
				3F4641931D408E38004547A4 /* MainTabbarController.h */,
				3F4641941D408E38004547A4 /* MainTabbarController.m */,
			);
			path = MainTabbar;
			sourceTree = "<group>";
		};
		3F4641801D408D73004547A4 /* TabbarPic */ = {
			isa = PBXGroup;
			children = (
				3F4641811D408D97004547A4 /* tab_icon_find_f.png */,
				3F4641821D408D97004547A4 /* tab_icon_find_n.png */,
				3F4641831D408D97004547A4 /* tab_icon_index_f.png */,
				3F4641841D408D97004547A4 /* tab_icon_index_n.png */,
				3F4641851D408D97004547A4 /* tab_icon_message_f.png */,
				3F4641861D408D97004547A4 /* tab_icon_message_n.png */,
				3F4641871D408D97004547A4 /* tab_icon_picshare_f.png */,
				3F4641881D408D97004547A4 /* tab_icon_picshare_n.png */,
			);
			name = TabbarPic;
			sourceTree = "<group>";
		};
		3F4641B61D409AE1004547A4 /* YTBaseViewcontroller */ = {
			isa = PBXGroup;
			children = (
				3F4641B71D409AE1004547A4 /* YTBaseViewController.h */,
				3F4641B81D409AE1004547A4 /* YTBaseViewController.m */,
				3F4641BA1D409B1A004547A4 /* YTNavgationBarView.h */,
				3F4641BB1D409B1A004547A4 /* YTNavgationBarView.m */,
			);
			path = YTBaseViewcontroller;
			sourceTree = "<group>";
		};
		3F4641BD1D40A7DC004547A4 /* FDFullscreenPopGesture */ = {
			isa = PBXGroup;
			children = (
				3F4641BE1D40A7DC004547A4 /* UINavigationController+FDFullscreenPopGesture.h */,
				3F4641BF1D40A7DC004547A4 /* UINavigationController+FDFullscreenPopGesture.m */,
			);
			path = FDFullscreenPopGesture;
			sourceTree = "<group>";
		};
		3F4641C61D40DABA004547A4 /* Application */ = {
			isa = PBXGroup;
			children = (
				3F4641C71D40DABA004547A4 /* AppDelegate.h */,
				3F4641C81D40DABA004547A4 /* AppDelegate.m */,
			);
			path = Application;
			sourceTree = "<group>";
		};
		3F4B8AD51D3F797600DAEC08 = {
			isa = PBXGroup;
			children = (
				3F4B8AE01D3F797600DAEC08 /* Yantaiforum */,
				3F4B8ADF1D3F797600DAEC08 /* Products */,
				27B39D3D066C9C47561C58EE /* Pods */,
				49CE4A650C4DAAD3452FFEE5 /* Frameworks */,
			);
			sourceTree = "<group>";
		};
		3F4B8ADF1D3F797600DAEC08 /* Products */ = {
			isa = PBXGroup;
			children = (
				3F4B8ADE1D3F797600DAEC08 /* Yantaiforum.app */,
			);
			name = Products;
			sourceTree = "<group>";
		};
		3F4B8AE01D3F797600DAEC08 /* Yantaiforum */ = {
			isa = PBXGroup;
			children = (
				3F46417E1D406CAB004547A4 /* Yantaiforum-Prefix.pch */,
				3FA11B271D44EFA400A443D1 /* Tools */,
				3F4B8AF81D3F799D00DAEC08 /* Resource */,
				3F4B8AFD1D3F7AE500DAEC08 /* Modules */,
				3F4B8AF91D3F79F200DAEC08 /* Categories */,
				3F4B8B001D3F7C8D00DAEC08 /* Components */,
				3F4B8AFA1D3F79F200DAEC08 /* SuperClass */,
				3F4B8AFF1D3F7B1900DAEC08 /* Utils */,
				3F4641C61D40DABA004547A4 /* Application */,
				3F4B8AE11D3F797600DAEC08 /* Supporting Files */,
			);
			path = Yantaiforum;
			sourceTree = "<group>";
		};
		3F4B8AE11D3F797600DAEC08 /* Supporting Files */ = {
			isa = PBXGroup;
			children = (
				3F4B8AED1D3F797600DAEC08 /* Assets.xcassets */,
				3F4B8AEF1D3F797600DAEC08 /* LaunchScreen.storyboard */,
				3F4B8AF21D3F797600DAEC08 /* Info.plist */,
				3F4B8AE21D3F797600DAEC08 /* main.m */,
			);
			name = "Supporting Files";
			sourceTree = "<group>";
		};
		3F4B8AF81D3F799D00DAEC08 /* Resource */ = {
			isa = PBXGroup;
			children = (
				3F4641C11D40AF9F004547A4 /* back.png */,
				3F4641801D408D73004547A4 /* TabbarPic */,
			);
			path = Resource;
			sourceTree = "<group>";
		};
		3F4B8AF91D3F79F200DAEC08 /* Categories */ = {
			isa = PBXGroup;
			children = (
				3F8C1ED61D45F5BF00555587 /* UIColor+ColorUtility.h */,
				3F8C1ED71D45F5BF00555587 /* UIColor+ColorUtility.m */,
				3F4641BD1D40A7DC004547A4 /* FDFullscreenPopGesture */,
				3F882A5D1D464F2700F166EE /* UIViewController+Push.h */,
				3F882A5E1D464F2700F166EE /* UIViewController+Push.m */,
			);
			path = Categories;
			sourceTree = "<group>";
		};
		3F4B8AFA1D3F79F200DAEC08 /* SuperClass */ = {
			isa = PBXGroup;
			children = (
				3F7055531D41BE240065AD12 /* YTBaseModel */,
				3F70555A1D4217910065AD12 /* YTBaseView */,
				3F4641B61D409AE1004547A4 /* YTBaseViewcontroller */,
			);
			path = SuperClass;
			sourceTree = "<group>";
		};
		3F4B8AFD1D3F7AE500DAEC08 /* Modules */ = {
			isa = PBXGroup;
			children = (
				3F7055571D41BEA70065AD12 /* HomePage */,
				3F8930C31D4759990010D8C3 /* HTMLController */,
				3F4641781D406509004547A4 /* Tabbar */,
			);
			path = Modules;
			sourceTree = "<group>";
		};
		3F4B8AFF1D3F7B1900DAEC08 /* Utils */ = {
			isa = PBXGroup;
			children = (
				3F46417F1D407554004547A4 /* UsualDefine.h */,
			);
			path = Utils;
			sourceTree = "<group>";
		};
		3F4B8B001D3F7C8D00DAEC08 /* Components */ = {
			isa = PBXGroup;
			children = (
				3F52CEE01D45C61B008AE037 /* MJPullTableView */,
			);
			path = Components;
			sourceTree = "<group>";
		};
		3F52CEE01D45C61B008AE037 /* MJPullTableView */ = {
			isa = PBXGroup;
			children = (
				3F52CEE11D45C673008AE037 /* MJPullTableView.h */,
				3F52CEE21D45C673008AE037 /* MJPullTableView.m */,
			);
			path = MJPullTableView;
			sourceTree = "<group>";
		};
		3F7055531D41BE240065AD12 /* YTBaseModel */ = {
			isa = PBXGroup;
			children = (
				3F7055541D41BE630065AD12 /* YTBaseModel.h */,
				3F7055551D41BE630065AD12 /* YTBaseModel.m */,
			);
			path = YTBaseModel;
			sourceTree = "<group>";
		};
		3F7055571D41BEA70065AD12 /* HomePage */ = {
			isa = PBXGroup;
			children = (
				3F7055581D41C4730065AD12 /* Models */,
				3F7055591D41C4730065AD12 /* Views */,
				3F8C1EDE1D46103B00555587 /* Cells */,
			);
			path = HomePage;
			sourceTree = "<group>";
		};
		3F7055581D41C4730065AD12 /* Models */ = {
			isa = PBXGroup;
			children = (
				3F52CEDC1D45B17B008AE037 /* Mod_HomePage.h */,
				3F52CEDD1D45B17B008AE037 /* Mod_HomePage.m */,
			);
			path = Models;
			sourceTree = "<group>";
		};
		3F7055591D41C4730065AD12 /* Views */ = {
			isa = PBXGroup;
			children = (
				3F7055611D42182A0065AD12 /* HomePageBannerView.h */,
				3F7055621D42182A0065AD12 /* HomePageBannerView.m */,
				3F882A631D465C6100F166EE /* HomePageFocusBtnView.h */,
				3F882A641D465C6100F166EE /* HomePageFocusBtnView.m */,
			);
			path = Views;
			sourceTree = "<group>";
		};
		3F70555A1D4217910065AD12 /* YTBaseView */ = {
			isa = PBXGroup;
			children = (
				3F70555E1D4217E20065AD12 /* YTBaseView.h */,
				3F70555F1D4217E20065AD12 /* YTBaseView.m */,
			);
			path = YTBaseView;
			sourceTree = "<group>";
		};
		3F8930C31D4759990010D8C3 /* HTMLController */ = {
			isa = PBXGroup;
			children = (
				3F8930C41D4759F10010D8C3 /* HTMLViewController.h */,
				3F8930C51D4759F10010D8C3 /* HTMLViewController.m */,
			);
			name = HTMLController;
			path = Tabbar/HTMLController;
			sourceTree = "<group>";
		};
		3F8C1ED91D460D6E00555587 /* YTHUD */ = {
			isa = PBXGroup;
			children = (
				3F8C1EDA1D460D8200555587 /* YTHUD.h */,
				3F8C1EDB1D460D8200555587 /* YTHUD.m */,
			);
			path = YTHUD;
			sourceTree = "<group>";
		};
		3F8C1EDE1D46103B00555587 /* Cells */ = {
			isa = PBXGroup;
			children = (
				3F8C1EDF1D46106200555587 /* HomePageListCell.h */,
				3F8C1EE01D46106200555587 /* HomePageListCell.m */,
				3F8C1EE11D46106200555587 /* HomePageListCell.xib */,
			);
			path = Cells;
			sourceTree = "<group>";
		};
		3FA11B271D44EFA400A443D1 /* Tools */ = {
			isa = PBXGroup;
			children = (
				3F8C1ED91D460D6E00555587 /* YTHUD */,
				3FA11B281D44F52700A443D1 /* YTHTTP */,
			);
			path = Tools;
			sourceTree = "<group>";
		};
		3FA11B281D44F52700A443D1 /* YTHTTP */ = {
			isa = PBXGroup;
			children = (
				3FA11B291D44F55900A443D1 /* YTNetRequest.h */,
				3FA11B2A1D44F55900A443D1 /* YTNetRequest.m */,
			);
			path = YTHTTP;
			sourceTree = "<group>";
		};
		49CE4A650C4DAAD3452FFEE5 /* Frameworks */ = {
			isa = PBXGroup;
			children = (
				1DA38CE7D037D3DF5A0A0D7E /* libPods-Yantaiforum.a */,
			);
			name = Frameworks;
			sourceTree = "<group>";
		};
/* End PBXGroup section */

/* Begin PBXNativeTarget section */
		3F4B8ADD1D3F797600DAEC08 /* Yantaiforum */ = {
			isa = PBXNativeTarget;
			buildConfigurationList = 3F4B8AF51D3F797600DAEC08 /* Build configuration list for PBXNativeTarget "Yantaiforum" */;
			buildPhases = (
				C4F44277111F09611BD5AE7A /* [CP] Check Pods Manifest.lock */,
				3F4B8ADA1D3F797600DAEC08 /* Sources */,
				3F4B8ADB1D3F797600DAEC08 /* Frameworks */,
				3F4B8ADC1D3F797600DAEC08 /* Resources */,
				CD5348C57B05FF1709B21454 /* [CP] Embed Pods Frameworks */,
				29D6A43025C60BA7FC33EE42 /* [CP] Copy Pods Resources */,
			);
			buildRules = (
			);
			dependencies = (
			);
			name = Yantaiforum;
			productName = Yantaiforum;
			productReference = 3F4B8ADE1D3F797600DAEC08 /* Yantaiforum.app */;
			productType = "com.apple.product-type.application";
		};
/* End PBXNativeTarget section */

/* Begin PBXProject section */
		3F4B8AD61D3F797600DAEC08 /* Project object */ = {
			isa = PBXProject;
			attributes = {
				LastUpgradeCheck = 0730;
				ORGANIZATIONNAME = sunxb;
				TargetAttributes = {
					3F4B8ADD1D3F797600DAEC08 = {
						CreatedOnToolsVersion = 7.3.1;
						DevelopmentTeam = ABE4ELR2QZ;
					};
				};
			};
			buildConfigurationList = 3F4B8AD91D3F797600DAEC08 /* Build configuration list for PBXProject "Yantaiforum" */;
			compatibilityVersion = "Xcode 3.2";
			developmentRegion = English;
			hasScannedForEncodings = 0;
			knownRegions = (
				en,
				Base,
			);
			mainGroup = 3F4B8AD51D3F797600DAEC08;
			productRefGroup = 3F4B8ADF1D3F797600DAEC08 /* Products */;
			projectDirPath = "";
			projectRoot = "";
			targets = (
				3F4B8ADD1D3F797600DAEC08 /* Yantaiforum */,
			);
		};
/* End PBXProject section */

/* Begin PBXResourcesBuildPhase section */
		3F4B8ADC1D3F797600DAEC08 /* Resources */ = {
			isa = PBXResourcesBuildPhase;
			buildActionMask = 2147483647;
			files = (
				3F4641901D408D97004547A4 /* tab_icon_picshare_n.png in Resources */,
				3F4641891D408D97004547A4 /* tab_icon_find_f.png in Resources */,
				3F46418E1D408D97004547A4 /* tab_icon_message_n.png in Resources */,
				3F4B8AF11D3F797600DAEC08 /* LaunchScreen.storyboard in Resources */,
				3F46418A1D408D97004547A4 /* tab_icon_find_n.png in Resources */,
				3F46418B1D408D97004547A4 /* tab_icon_index_f.png in Resources */,
				3F46418D1D408D97004547A4 /* tab_icon_message_f.png in Resources */,
				3F8C1EE31D46106200555587 /* HomePageListCell.xib in Resources */,
				3F4641C21D40AF9F004547A4 /* back.png in Resources */,
				3F46418F1D408D97004547A4 /* tab_icon_picshare_f.png in Resources */,
				3F46418C1D408D97004547A4 /* tab_icon_index_n.png in Resources */,
				3F4B8AEE1D3F797600DAEC08 /* Assets.xcassets in Resources */,
			);
			runOnlyForDeploymentPostprocessing = 0;
		};
/* End PBXResourcesBuildPhase section */

/* Begin PBXShellScriptBuildPhase section */
		29D6A43025C60BA7FC33EE42 /* [CP] Copy Pods Resources */ = {
			isa = PBXShellScriptBuildPhase;
			buildActionMask = 2147483647;
			files = (
			);
			inputPaths = (
			);
			name = "[CP] Copy Pods Resources";
			outputPaths = (
			);
			runOnlyForDeploymentPostprocessing = 0;
			shellPath = /bin/sh;
			shellScript = "\"${SRCROOT}/Pods/Target Support Files/Pods-Yantaiforum/Pods-Yantaiforum-resources.sh\"\n";
			showEnvVarsInLog = 0;
		};
		C4F44277111F09611BD5AE7A /* [CP] Check Pods Manifest.lock */ = {
			isa = PBXShellScriptBuildPhase;
			buildActionMask = 2147483647;
			files = (
			);
			inputPaths = (
			);
			name = "[CP] Check Pods Manifest.lock";
			outputPaths = (
			);
			runOnlyForDeploymentPostprocessing = 0;
			shellPath = /bin/sh;
			shellScript = "diff \"${PODS_ROOT}/../Podfile.lock\" \"${PODS_ROOT}/Manifest.lock\" > /dev/null\nif [ $? != 0 ] ; then\n    # print error to STDERR\n    echo \"error: The sandbox is not in sync with the Podfile.lock. Run 'pod install' or update your CocoaPods installation.\" >&2\n    exit 1\nfi\n";
			showEnvVarsInLog = 0;
		};
		CD5348C57B05FF1709B21454 /* [CP] Embed Pods Frameworks */ = {
			isa = PBXShellScriptBuildPhase;
			buildActionMask = 2147483647;
			files = (
			);
			inputPaths = (
			);
			name = "[CP] Embed Pods Frameworks";
			outputPaths = (
			);
			runOnlyForDeploymentPostprocessing = 0;
			shellPath = /bin/sh;
			shellScript = "\"${SRCROOT}/Pods/Target Support Files/Pods-Yantaiforum/Pods-Yantaiforum-frameworks.sh\"\n";
			showEnvVarsInLog = 0;
		};
/* End PBXShellScriptBuildPhase section */

/* Begin PBXSourcesBuildPhase section */
		3F4B8ADA1D3F797600DAEC08 /* Sources */ = {
			isa = PBXSourcesBuildPhase;
			buildActionMask = 2147483647;
			files = (
				3F4641B51D409441004547A4 /* FindViewController.m in Sources */,
				3F7055601D4217E20065AD12 /* YTBaseView.m in Sources */,
				3F4641B91D409AE1004547A4 /* YTBaseViewController.m in Sources */,
				3F4641C01D40A7DC004547A4 /* UINavigationController+FDFullscreenPopGesture.m in Sources */,
				3F4641BC1D409B1A004547A4 /* YTNavgationBarView.m in Sources */,
				3F4641AC1D40940D004547A4 /* HomePageViewController.m in Sources */,
				3F882A651D465C6100F166EE /* HomePageFocusBtnView.m in Sources */,
				3F8930C61D4759F10010D8C3 /* HTMLViewController.m in Sources */,
				3FA11B2B1D44F55900A443D1 /* YTNetRequest.m in Sources */,
				3F4B8AE31D3F797600DAEC08 /* main.m in Sources */,
				3F4641961D408E38004547A4 /* MainTabbarController.m in Sources */,
				3F7055561D41BE630065AD12 /* YTBaseModel.m in Sources */,
				3F4641AF1D409429004547A4 /* SharePictureViewController.m in Sources */,
				3F882A5F1D464F2700F166EE /* UIViewController+Push.m in Sources */,
				3F8C1EE21D46106200555587 /* HomePageListCell.m in Sources */,
				3F4641C91D40DABA004547A4 /* AppDelegate.m in Sources */,
				3F52CEDE1D45B17B008AE037 /* Mod_HomePage.m in Sources */,
				3F8C1ED81D45F5BF00555587 /* UIColor+ColorUtility.m in Sources */,
				3F4641B21D409435004547A4 /* MessageViewController.m in Sources */,
				3F7055631D42182A0065AD12 /* HomePageBannerView.m in Sources */,
				3F8C1EDC1D460D8200555587 /* YTHUD.m in Sources */,
				3F52CEE31D45C673008AE037 /* MJPullTableView.m in Sources */,
				3F4641951D408E38004547A4 /* MyTabBarItem.m in Sources */,
			);
			runOnlyForDeploymentPostprocessing = 0;
		};
/* End PBXSourcesBuildPhase section */

/* Begin PBXVariantGroup section */
		3F4B8AEF1D3F797600DAEC08 /* LaunchScreen.storyboard */ = {
			isa = PBXVariantGroup;
			children = (
				3F4B8AF01D3F797600DAEC08 /* Base */,
			);
			name = LaunchScreen.storyboard;
			sourceTree = "<group>";
		};
/* End PBXVariantGroup section */

/* Begin XCBuildConfiguration section */
		3F4B8AF31D3F797600DAEC08 /* Debug */ = {
			isa = XCBuildConfiguration;
			buildSettings = {
				ALWAYS_SEARCH_USER_PATHS = NO;
				CLANG_ANALYZER_NONNULL = YES;
				CLANG_CXX_LANGUAGE_STANDARD = "gnu++0x";
				CLANG_CXX_LIBRARY = "libc++";
				CLANG_ENABLE_MODULES = YES;
				CLANG_ENABLE_OBJC_ARC = YES;
				CLANG_WARN_BOOL_CONVERSION = YES;
				CLANG_WARN_CONSTANT_CONVERSION = YES;
				CLANG_WARN_DIRECT_OBJC_ISA_USAGE = YES_ERROR;
				CLANG_WARN_EMPTY_BODY = YES;
				CLANG_WARN_ENUM_CONVERSION = YES;
				CLANG_WARN_INT_CONVERSION = YES;
				CLANG_WARN_OBJC_ROOT_CLASS = YES_ERROR;
				CLANG_WARN_UNREACHABLE_CODE = YES;
				CLANG_WARN__DUPLICATE_METHOD_MATCH = YES;
				"CODE_SIGN_IDENTITY[sdk=iphoneos*]" = "iPhone Developer";
				COPY_PHASE_STRIP = NO;
				DEBUG_INFORMATION_FORMAT = dwarf;
				ENABLE_STRICT_OBJC_MSGSEND = YES;
				ENABLE_TESTABILITY = YES;
				GCC_C_LANGUAGE_STANDARD = gnu99;
				GCC_DYNAMIC_NO_PIC = NO;
				GCC_NO_COMMON_BLOCKS = YES;
				GCC_OPTIMIZATION_LEVEL = 0;
				GCC_PREPROCESSOR_DEFINITIONS = (
					"DEBUG=1",
					"$(inherited)",
				);
				GCC_WARN_64_TO_32_BIT_CONVERSION = YES;
				GCC_WARN_ABOUT_RETURN_TYPE = YES_ERROR;
				GCC_WARN_UNDECLARED_SELECTOR = YES;
				GCC_WARN_UNINITIALIZED_AUTOS = YES_AGGRESSIVE;
				GCC_WARN_UNUSED_FUNCTION = YES;
				GCC_WARN_UNUSED_VARIABLE = YES;
				IPHONEOS_DEPLOYMENT_TARGET = 9.3;
				MTL_ENABLE_DEBUG_INFO = YES;
				ONLY_ACTIVE_ARCH = YES;
				SDKROOT = iphoneos;
				TARGETED_DEVICE_FAMILY = "1,2";
			};
			name = Debug;
		};
		3F4B8AF41D3F797600DAEC08 /* Release */ = {
			isa = XCBuildConfiguration;
			buildSettings = {
				ALWAYS_SEARCH_USER_PATHS = NO;
				CLANG_ANALYZER_NONNULL = YES;
				CLANG_CXX_LANGUAGE_STANDARD = "gnu++0x";
				CLANG_CXX_LIBRARY = "libc++";
				CLANG_ENABLE_MODULES = YES;
				CLANG_ENABLE_OBJC_ARC = YES;
				CLANG_WARN_BOOL_CONVERSION = YES;
				CLANG_WARN_CONSTANT_CONVERSION = YES;
				CLANG_WARN_DIRECT_OBJC_ISA_USAGE = YES_ERROR;
				CLANG_WARN_EMPTY_BODY = YES;
				CLANG_WARN_ENUM_CONVERSION = YES;
				CLANG_WARN_INT_CONVERSION = YES;
				CLANG_WARN_OBJC_ROOT_CLASS = YES_ERROR;
				CLANG_WARN_UNREACHABLE_CODE = YES;
				CLANG_WARN__DUPLICATE_METHOD_MATCH = YES;
				"CODE_SIGN_IDENTITY[sdk=iphoneos*]" = "iPhone Developer";
				COPY_PHASE_STRIP = NO;
				DEBUG_INFORMATION_FORMAT = "dwarf-with-dsym";
				ENABLE_NS_ASSERTIONS = NO;
				ENABLE_STRICT_OBJC_MSGSEND = YES;
				GCC_C_LANGUAGE_STANDARD = gnu99;
				GCC_NO_COMMON_BLOCKS = YES;
				GCC_WARN_64_TO_32_BIT_CONVERSION = YES;
				GCC_WARN_ABOUT_RETURN_TYPE = YES_ERROR;
				GCC_WARN_UNDECLARED_SELECTOR = YES;
				GCC_WARN_UNINITIALIZED_AUTOS = YES_AGGRESSIVE;
				GCC_WARN_UNUSED_FUNCTION = YES;
				GCC_WARN_UNUSED_VARIABLE = YES;
				IPHONEOS_DEPLOYMENT_TARGET = 9.3;
				MTL_ENABLE_DEBUG_INFO = NO;
				SDKROOT = iphoneos;
				TARGETED_DEVICE_FAMILY = "1,2";
				VALIDATE_PRODUCT = YES;
			};
			name = Release;
		};
		3F4B8AF61D3F797600DAEC08 /* Debug */ = {
			isa = XCBuildConfiguration;
			baseConfigurationReference = DCF221F93ED5905FA56E46FE /* Pods-Yantaiforum.debug.xcconfig */;
			buildSettings = {
				ASSETCATALOG_COMPILER_APPICON_NAME = AppIcon;
				CODE_SIGN_IDENTITY = "iPhone Developer";
				"CODE_SIGN_IDENTITY[sdk=iphoneos*]" = "iPhone Developer";
				GCC_PRECOMPILE_PREFIX_HEADER = YES;
				GCC_PREFIX_HEADER = "$(SRCROOT)/Yantaiforum/Yantaiforum-Prefix.pch";
				INFOPLIST_FILE = Yantaiforum/Info.plist;
				IPHONEOS_DEPLOYMENT_TARGET = 7.0;
				LD_RUNPATH_SEARCH_PATHS = "$(inherited) @executable_path/Frameworks";
				PRODUCT_BUNDLE_IDENTIFIER = sunxb.Yantaiforum;
				PRODUCT_NAME = "$(TARGET_NAME)";
				PROVISIONING_PROFILE = "";
				USER_HEADER_SEARCH_PATHS = "$(PODS_ROOT)/**";
			};
			name = Debug;
		};
		3F4B8AF71D3F797600DAEC08 /* Release */ = {
			isa = XCBuildConfiguration;
			baseConfigurationReference = 2265CBC2C29F06BB7F98A680 /* Pods-Yantaiforum.release.xcconfig */;
			buildSettings = {
				ASSETCATALOG_COMPILER_APPICON_NAME = AppIcon;
				CODE_SIGN_IDENTITY = "iPhone Developer";
				"CODE_SIGN_IDENTITY[sdk=iphoneos*]" = "iPhone Developer";
				GCC_PRECOMPILE_PREFIX_HEADER = YES;
				GCC_PREFIX_HEADER = "$(SRCROOT)/Yantaiforum/Yantaiforum-Prefix.pch";
				INFOPLIST_FILE = Yantaiforum/Info.plist;
				IPHONEOS_DEPLOYMENT_TARGET = 7.0;
				LD_RUNPATH_SEARCH_PATHS = "$(inherited) @executable_path/Frameworks";
				PRODUCT_BUNDLE_IDENTIFIER = sunxb.Yantaiforum;
				PRODUCT_NAME = "$(TARGET_NAME)";
				PROVISIONING_PROFILE = "";
				USER_HEADER_SEARCH_PATHS = "$(PODS_ROOT)/**";
			};
			name = Release;
		};
/* End XCBuildConfiguration section */

/* Begin XCConfigurationList section */
		3F4B8AD91D3F797600DAEC08 /* Build configuration list for PBXProject "Yantaiforum" */ = {
			isa = XCConfigurationList;
			buildConfigurations = (
				3F4B8AF31D3F797600DAEC08 /* Debug */,
				3F4B8AF41D3F797600DAEC08 /* Release */,
			);
			defaultConfigurationIsVisible = 0;
			defaultConfigurationName = Release;
		};
		3F4B8AF51D3F797600DAEC08 /* Build configuration list for PBXNativeTarget "Yantaiforum" */ = {
			isa = XCConfigurationList;
			buildConfigurations = (
				3F4B8AF61D3F797600DAEC08 /* Debug */,
				3F4B8AF71D3F797600DAEC08 /* Release */,
			);
			defaultConfigurationIsVisible = 0;
			defaultConfigurationName = Release;
		};
/* End XCConfigurationList section */
	};
	rootObject = 3F4B8AD61D3F797600DAEC08 /* Project object */;
}
